
Microsoft Visual Studio Solution File, Format Version 11.00
# Visual Studio 2010
Project("{FAE04EC0-301F-11D3-BF4B-00C04F79EFBC}") = "ConsoleForays", "Forays\ConsoleForays.csproj", "{392222EF-9EEE-45F8-AFAE-260D9D06C4C9}"
EndProject
Global
	GlobalSection(SolutionConfigurationPlatforms) = preSolution
		Debug|Any CPU = Debug|Any CPU
		Release|Any CPU = Release|Any CPU
	EndGlobalSection
	GlobalSection(ProjectConfigurationPlatforms) = postSolution
		{392222EF-9EEE-45F8-AFAE-260D9D06C4C9}.Debug|Any CPU.ActiveCfg = Debug|Any CPU
		{392222EF-9EEE-45F8-AFAE-260D9D06C4C9}.Debug|Any CPU.Build.0 = Debug|Any CPU
		{392222EF-9EEE-45F8-AFAE-260D9D06C4C9}.Release|Any CPU.ActiveCfg = Release|Any CPU
		{392222EF-9EEE-45F8-AFAE-260D9D06C4C9}.Release|Any CPU.Build.0 = Release|Any CPU
	EndGlobalSection
EndGlobal
